{
  "lockfile-version": 1,
  "manifest": {
    "schema-version": "1.13.0",
    "install": {
      "bash": {
        "pkg-path": "bash"
      },
      "coreutils": {
        "pkg-path": "coreutils"
      },
      "findutils": {
        "pkg-path": "findutils"
      },
      "gh": {
        "pkg-path": "gh"
      },
      "git": {
        "pkg-path": "git"
      },
      "libgcc": {
        "pkg-path": "libgcc",
        "systems": [
          "aarch64-linux",
          "x86_64-linux"
        ]
      },
      "python313": {
        "pkg-path": "python313"
      },
      "time": {
        "pkg-path": "time"
      },
      "uv": {
        "pkg-path": "uv",
        "version": "0.11.26"
      }
    },
    "options": {
      "systems": [
        "aarch64-darwin",
        "aarch64-linux",
        "x86_64-linux"
      ]
    },
    "containerize": {
      "config": {
        "user": "1000:1000",
        "working-dir": "/src"
      }
    }
  },
  "packages": [
    {
      "attr_path": "bash",
      "broken": false,
      "derivation": "/nix/store/hf7ly39pmy6d01rb71fl4ayjpfjx0wx2-bash-interactive-5.3p9.drv",
      "description": "GNU Bourne-Again Shell, the de facto standard shell on Linux (for interactive use)",
      "install_id": "bash",
      "license": "GPL-3.0-or-later",
      "locked_url": "https://github.com/flox/nixpkgs?rev=753cc8a3a87467296ddd1fa93f0cc3e81120ee46",
      "name": "bash-interactive-5.3p9",
      "pname": "bash",
      "rev": "753cc8a3a87467296ddd1fa93f0cc3e81120ee46",
      "rev_count": 1035164,
      "rev_date": "2026-07-15T13:07:34Z",
      "scrape_date": "2026-07-17T04:52:32.334888Z",
      "stabilities": [
        "unstable",
        "staging"
      ],
      "unfree": false,
      "version": "5.3p9",
      "outputs_to_install": [
        "man",
        "out",
        "out",
        "out",
        "out"
      ],
      "outputs": {
        "dev": "/nix/store/kr4yx0hy720ai12p131pf3sz4mf7q2dd-bash-interactive-5.3p9-dev",
        "doc": "/nix/store/pj82x6hs9hqrnsz7dfj8mpl8rp0fxa2c-bash-interactive-5.3p9-doc",
        "info": "/nix/store/nl9j78vlrmrkhrs9d25m02ys6zsqzd5r-bash-interactive-5.3p9-info",
        "man": "/nix/store/iixbrgzrnngrq4m55vgw4vzg0amxyngp-bash-interactive-5.3p9-man",
        "out": "/nix/store/s4kx452x9dms6qz41fd9yf8q53k7bkv9-bash-interactive-5.3p9"
      },
      "system": "aarch64-darwin",
      "group": "toplevel",
      "priority": 5
    },
    {
      "attr_path": "bash",
      "broken": false,
      "derivation": "/nix/store/f1m18dqb9d90w0gg1r1xv6yxypqxdb9k-bash-interactive-5.3p9.drv",
      "description": "GNU Bourne-Again Shell, the de facto standard shell on Linux (for interactive use)",
      "install_id": "bash",
      "license": "GPL-3.0-or-later",
      "locked_url": "https://github.com/flox/nixpkgs?rev=753cc8a3a87467296ddd1fa93f0cc3e81120ee46",
      "name": "bash-interactive-5.3p9",
      "pname": "bash",
      "rev": "753cc8a3a87467296ddd1fa93f0cc3e81120ee46",
      "rev_count": 1035164,
      "rev_date": "2026-07-15T13:07:34Z",
      "scrape_date": "2026-07-17T05:21:45.797536Z",
      "stabilities": [
        "unstable",
        "staging"
      ],
      "unfree": false,
      "version": "5.3p9",
      "outputs_to_install": [
        "man",
        "out",
        "out",
        "out",
        "out"
      ],
      "outputs": {
        "debug": "/nix/store/h5jdjac5zvaid3l7myrfsmr0w7bwjv8q-bash-interactive-5.3p9-debug",
        "dev": "/nix/store/q3kr0vsnbwqdl10mlc9sq7m8d7m4w3xx-bash-interactive-5.3p9-dev",
        "doc": "/nix/store/y22kfflgwa4wwk8i73bz2infjngdngqf-bash-interactive-5.3p9-doc",
        "info": "/nix/store/h0jfa3xvf8dga0d1izx6kam1fzr01rwr-bash-interactive-5.3p9-info",
        "man": "/nix/store/yyjlc7zffnzahwvipgp064hgg3zbnwv5-bash-interactive-5.3p9-man",
        "out": "/nix/store/s6hkkyiyyxm12kjv79w92jrb5jkwm8h5-bash-interactive-5.3p9"
      },
      "system": "aarch64-linux",
      "group": "toplevel",
      "priority": 5
    },
    {
      "attr_path": "bash",
      "broken": false,
      "derivation": "/nix/store/8wf253v4xmm0d42gw7msj9pwi8yp6l3i-bash-interactive-5.3p9.drv",
      "description": "GNU Bourne-Again Shell, the de facto standard shell on Linux (for interactive use)",
      "install_id": "bash",
      "license": "GPL-3.0-or-later",
      "locked_url": "https://github.com/flox/nixpkgs?rev=753cc8a3a87467296ddd1fa93f0cc3e81120ee46",
      "name": "bash-interactive-5.3p9",
      "pname": "bash",
      "rev": "753cc8a3a87467296ddd1fa93f0cc3e81120ee46",
      "rev_count": 1035164,
      "rev_date": "2026-07-15T13:07:34Z",
      "scrape_date": "2026-07-17T05:54:55.042600Z",
      "stabilities": [
        "unstable",
        "staging"
      ],
      "unfree": false,
      "version": "5.3p9",
      "outputs_to_install": [
        "man",
        "out",
        "out",
        "out",
        "out"
      ],
      "outputs": {
        "debug": "/nix/store/d3lkknd9f0r5nx5nlszb6vbzklyj7zx7-bash-interactive-5.3p9-debug",
        "dev": "/nix/store/8mp5f2yh8p5xicpiv9s449zl94yhqw7v-bash-interactive-5.3p9-dev",
        "doc": "/nix/store/rxm500ja8awzzlqjwlqfvjdn6wyrsk46-bash-interactive-5.3p9-doc",
        "info": "/nix/store/iswmfij6iwiz5kixszvmajdhqgrbi3xc-bash-interactive-5.3p9-info",
        "man": "/nix/store/gl5s34czgaqxb7y57apybw7l8pns3w2m-bash-interactive-5.3p9-man",
        "out": "/nix/store/bbzjxfam8vv1nyikn5dsrazsw4ya5vzx-bash-interactive-5.3p9"
      },
      "system": "x86_64-linux",
      "group": "toplevel",
      "priority": 5
    },
    {
      "attr_path": "coreutils",
      "broken": false,
      "derivation": "/nix/store/rbk64f8s69h1jk9shg9gg5dqzzjri576-coreutils-9.11.drv",
      "description": "GNU Core Utilities",
      "install_id": "coreutils",
      "license": "GPL-3.0-or-later",
      "locked_url": "https://github.com/flox/nixpkgs?rev=753cc8a3a87467296ddd1fa93f0cc3e81120ee46",
      "name": "coreutils-9.11",
      "pname": "coreutils",
      "rev": "753cc8a3a87467296ddd1fa93f0cc3e81120ee46",
      "rev_count": 1035164,
      "rev_date": "2026-07-15T13:07:34Z",
      "scrape_date": "2026-07-17T04:52:32.752995Z",
      "stabilities": [
        "unstable",
        "staging"
      ],
      "unfree": false,
      "version": "9.11",
      "outputs_to_install": [
        "out",
        "out",
        "out",
        "out"
      ],
      "outputs": {
        "info": "/nix/store/rypjm4sgws2f5vdsgp851y5k4x6y63vc-coreutils-9.11-info",
        "out": "/nix/store/64afbf35abi9z311mzkfykg2x8mhr362-coreutils-9.11"
      },
      "system": "aarch64-darwin",
      "group": "toplevel",
      "priority": 5
    },
    {
      "attr_path": "coreutils",
      "broken": false,
      "derivation": "/nix/store/v78h5d3sjb83y113kmrrg24bb9bhark1-coreutils-9.11.drv",
      "description": "GNU Core Utilities",
      "install_id": "coreutils",
      "license": "GPL-3.0-or-later",
      "locked_url": "https://github.com/flox/nixpkgs?rev=753cc8a3a87467296ddd1fa93f0cc3e81120ee46",
      "name": "coreutils-9.11",
      "pname": "coreutils",
      "rev": "753cc8a3a87467296ddd1fa93f0cc3e81120ee46",
      "rev_count": 1035164,
      "rev_date": "2026-07-15T13:07:34Z",
      "scrape_date": "2026-07-17T05:21:46.323685Z",
      "stabilities": [
        "unstable",
        "staging"
      ],
      "unfree": false,
      "version": "9.11",
      "outputs_to_install": [
        "out",
        "out",
        "out",
        "out"
      ],
      "outputs": {
        "debug": "/nix/store/5195qdj0pl86xxd03ccmlmqcdln6idhm-coreutils-9.11-debug",
        "info": "/nix/store/5mwlc94h85wdairskyhf6sj8lg23lmk6-coreutils-9.11-info",
        "out": "/nix/store/qs65mcswqfq4g5ijabjkaprs746119kg-coreutils-9.11"
      },
      "system": "aarch64-linux",
      "group": "toplevel",
      "priority": 5
    },
    {
      "attr_path": "coreutils",
      "broken": false,
      "derivation": "/nix/store/nvmwza7ls167mw3j9fd60h009nwb5c17-coreutils-9.11.drv",
      "description": "GNU Core Utilities",
      "install_id": "coreutils",
      "license": "GPL-3.0-or-later",
      "locked_url": "https://github.com/flox/nixpkgs?rev=753cc8a3a87467296ddd1fa93f0cc3e81120ee46",
      "name": "coreutils-9.11",
      "pname": "coreutils",
      "rev": "753cc8a3a87467296ddd1fa93f0cc3e81120ee46",
      "rev_count": 1035164,
      "rev_date": "2026-07-15T13:07:34Z",
      "scrape_date": "2026-07-17T05:54:55.609398Z",
      "stabilities": [
        "unstable",
        "staging"
      ],
      "unfree": false,
      "version": "9.11",
      "outputs_to_install": [
        "out",
        "out",
        "out",
        "out",
        "out"
      ],
      "outputs": {
        "debug": "/nix/store/i4pbjinhi819kdix5d3gb2vp0s9hwx3c-coreutils-9.11-debug",
        "info": "/nix/store/vaxajdf1h760k6f50z9q6y1vzjzkm0gw-coreutils-9.11-info",
        "out": "/nix/store/cp7wjv1pl4wapfk48svvizxd089v9h0a-coreutils-9.11"
      },
      "system": "x86_64-linux",
      "group": "toplevel",
      "priority": 5
    },
    {
      "attr_path": "findutils",
      "broken": false,
      "derivation": "/nix/store/z1cw6whlci7mf2nrjwak5xldihb4z078-findutils-4.10.0.drv",
      "description": "GNU Find Utilities, the basic directory searching utilities of the GNU operating system",
      "install_id": "findutils",
      "license": "GPL-3.0-or-later",
      "locked_url": "https://github.com/flox/nixpkgs?rev=753cc8a3a87467296ddd1fa93f0cc3e81120ee46",
      "name": "findutils-4.10.0",
      "pname": "findutils",
      "rev": "753cc8a3a87467296ddd1fa93f0cc3e81120ee46",
      "rev_count": 1035164,
      "rev_date": "2026-07-15T13:07:34Z",
      "scrape_date": "2026-07-17T04:52:33.264698Z",
      "stabilities": [
        "unstable",
        "staging"
      ],
      "unfree": false,
      "version": "4.10.0",
      "outputs_to_install": [
        "out"
      ],
      "outputs": {
        "info": "/nix/store/xb24j1bhzk42w1dyiqa3w6vzw09vgy51-findutils-4.10.0-info",
        "locate": "/nix/store/8253ip2l3l8m9bbmd6x9b5q5c8ngwhqx-findutils-4.10.0-locate",
        "out": "/nix/store/xn9rf7a8dpg0ff071ygv6jnd0qsprz0w-findutils-4.10.0"
      },
      "system": "aarch64-darwin",
      "group": "toplevel",
      "priority": 5
    },
    {
      "attr_path": "findutils",
      "broken": false,
      "derivation": "/nix/store/rm2bf36v6b3ffdjzmini18sg0yzjzx76-findutils-4.10.0.drv",
      "description": "GNU Find Utilities, the basic directory searching utilities of the GNU operating system",
      "install_id": "findutils",
      "license": "GPL-3.0-or-later",
      "locked_url": "https://github.com/flox/nixpkgs?rev=753cc8a3a87467296ddd1fa93f0cc3e81120ee46",
      "name": "findutils-4.10.0",
      "pname": "findutils",
      "rev": "753cc8a3a87467296ddd1fa93f0cc3e81120ee46",
      "rev_count": 1035164,
      "rev_date": "2026-07-15T13:07:34Z",
      "scrape_date": "2026-07-17T05:21:47.116782Z",
      "stabilities": [
        "unstable",
        "staging"
      ],
      "unfree": false,
      "version": "4.10.0",
      "outputs_to_install": [
        "out"
      ],
      "outputs": {
        "info": "/nix/store/v68jbm1qx94dhp62i313bz8p7j80x8pf-findutils-4.10.0-info",
        "locate": "/nix/store/2s4wxaf57za9s18idxkrv6iqjl09agnc-findutils-4.10.0-locate",
        "out": "/nix/store/29b44f6xhc2pbnj9qjxxrlcgr82cpbrj-findutils-4.10.0"
      },
      "system": "aarch64-linux",
      "group": "toplevel",
      "priority": 5
    },
    {
      "attr_path": "findutils",
      "broken": false,
      "derivation": "/nix/store/lzv9x9lf0glknw6r5srs9afbsl58qhxs-findutils-4.10.0.drv",
      "description": "GNU Find Utilities, the basic directory searching utilities of the GNU operating system",
      "install_id": "findutils",
      "license": "GPL-3.0-or-later",
      "locked_url": "https://github.com/flox/nixpkgs?rev=753cc8a3a87467296ddd1fa93f0cc3e81120ee46",
      "name": "findutils-4.10.0",
      "pname": "findutils",
      "rev": "753cc8a3a87467296ddd1fa93f0cc3e81120ee46",
      "rev_count": 1035164,
      "rev_date": "2026-07-15T13:07:34Z",
      "scrape_date": "2026-07-17T05:54:56.541488Z",
      "stabilities": [
        "unstable",
        "staging"
      ],
      "unfree": false,
      "version": "4.10.0",
      "outputs_to_install": [
        "out"
      ],
      "outputs": {
        "info": "/nix/store/wxgh429bpj5qf08kg5c1974kh6avzcvv-findutils-4.10.0-info",
        "locate": "/nix/store/p6wrdgkz9k8l9gw3zz4qlpiffz93xhbw-findutils-4.10.0-locate",
        "out": "/nix/store/f4bixss3h2i80asiz45aj4qmplvmam4k-findutils-4.10.0"
      },
      "system": "x86_64-linux",
      "group": "toplevel",
      "priority": 5
    },
    {
      "attr_path": "gh",
      "broken": false,
      "derivation": "/nix/store/0cv922n2aa9k3da8dfar3jf5h60ir26d-gh-2.96.0.drv",
      "description": "GitHub CLI tool",
      "install_id": "gh",
      "license": "MIT",
      "locked_url": "https://github.com/flox/nixpkgs?rev=753cc8a3a87467296ddd1fa93f0cc3e81120ee46",
      "name": "gh-2.96.0",
      "pname": "gh",
      "rev": "753cc8a3a87467296ddd1fa93f0cc3e81120ee46",
      "rev_count": 1035164,
      "rev_date": "2026-07-15T13:07:34Z",
      "scrape_date": "2026-07-17T04:52:33.503904Z",
      "stabilities": [
        "unstable",
        "staging"
      ],
      "unfree": false,
      "version": "2.96.0",
      "outputs_to_install": [
        "out",
        "out"
      ],
      "outputs": {
        "out": "/nix/store/5m3slxi84h97r5hzmy4dhfksl9cc166a-gh-2.96.0"
      },
      "system": "aarch64-darwin",
      "group": "toplevel",
      "priority": 5
    },
    {
      "attr_path": "gh",
      "broken": false,
      "derivation": "/nix/store/6557md8nzqrqcy69a0gwcjvnqm181dfx-gh-2.96.0.drv",
      "description": "GitHub CLI tool",
      "install_id": "gh",
      "license": "MIT",
      "locked_url": "https://github.com/flox/nixpkgs?rev=753cc8a3a87467296ddd1fa93f0cc3e81120ee46",
      "name": "gh-2.96.0",
      "pname": "gh",
      "rev": "753cc8a3a87467296ddd1fa93f0cc3e81120ee46",
      "rev_count": 1035164,
      "rev_date": "2026-07-15T13:07:34Z",
      "scrape_date": "2026-07-17T05:21:47.498151Z",
      "stabilities": [
        "unstable",
        "staging"
      ],
      "unfree": false,
      "version": "2.96.0",
      "outputs_to_install": [
        "out"
      ],
      "outputs": {
        "out": "/nix/store/85s40vacs1ajn0x7b3vszvlqwnflh0dq-gh-2.96.0"
      },
      "system": "aarch64-linux",
      "group": "toplevel",
      "priority": 5
    },
    {
      "attr_path": "gh",
      "broken": false,
      "derivation": "/nix/store/0wh6avi717rbm1kyxqli0fhx3gdfc80v-gh-2.96.0.drv",
      "description": "GitHub CLI tool",
      "install_id": "gh",
      "license": "MIT",
      "locked_url": "https://github.com/flox/nixpkgs?rev=753cc8a3a87467296ddd1fa93f0cc3e81120ee46",
      "name": "gh-2.96.0",
      "pname": "gh",
      "rev": "753cc8a3a87467296ddd1fa93f0cc3e81120ee46",
      "rev_count": 1035164,
      "rev_date": "2026-07-15T13:07:34Z",
      "scrape_date": "2026-07-17T05:54:56.953822Z",
      "stabilities": [
        "unstable",
        "staging"
      ],
      "unfree": false,
      "version": "2.96.0",
      "outputs_to_install": [
        "out"
      ],
      "outputs": {
        "out": "/nix/store/fz2h6h3cgw645ighi31zdjwbkdzmaav7-gh-2.96.0"
      },
      "system": "x86_64-linux",
      "group": "toplevel",
      "priority": 5
    },
    {
      "attr_path": "git",
      "broken": false,
      "derivation": "/nix/store/p5zk3a15253q3xj694j7fpib81bbrj0z-git-2.54.0.drv",
      "description": "Distributed version control system",
      "install_id": "git",
      "license": "GPL-2.0",
      "locked_url": "https://github.com/flox/nixpkgs?rev=753cc8a3a87467296ddd1fa93f0cc3e81120ee46",
      "name": "git-2.54.0",
      "pname": "git",
      "rev": "753cc8a3a87467296ddd1fa93f0cc3e81120ee46",
      "rev_count": 1035164,
      "rev_date": "2026-07-15T13:07:34Z",
      "scrape_date": "2026-07-17T04:52:33.543533Z",
      "stabilities": [
        "unstable",
        "staging"
      ],
      "unfree": false,
      "version": "2.54.0",
      "outputs_to_install": [
        "out",
        "out"
      ],
      "outputs": {
        "doc": "/nix/store/fa8bp120sy3kiyrsy6l47lfan0zjl589-git-2.54.0-doc",
        "out": "/nix/store/01258rj9fvamcl4bf7yjffysmwyvd72i-git-2.54.0"
      },
      "system": "aarch64-darwin",
      "group": "toplevel",
      "priority": 5
    },
    {
      "attr_path": "git",
      "broken": false,
      "derivation": "/nix/store/9qws0dpk8k46pllp8jbywn7hwjghlgxh-git-2.54.0.drv",
      "description": "Distributed version control system",
      "install_id": "git",
      "license": "GPL-2.0",
      "locked_url": "https://github.com/flox/nixpkgs?rev=753cc8a3a87467296ddd1fa93f0cc3e81120ee46",
      "name": "git-2.54.0",
      "pname": "git",
      "rev": "753cc8a3a87467296ddd1fa93f0cc3e81120ee46",
      "rev_count": 1035164,
      "rev_date": "2026-07-15T13:07:34Z",
      "scrape_date": "2026-07-17T05:21:47.557003Z",
      "stabilities": [
        "unstable",
        "staging"
      ],
      "unfree": false,
      "version": "2.54.0",
      "outputs_to_install": [
        "out"
      ],
      "outputs": {
        "debug": "/nix/store/pf9h57hj6j7s6p16y9j3xlhqgzn60nin-git-2.54.0-debug",
        "doc": "/nix/store/hypxgl3rcxiyj56dq1ixwihqg23asklm-git-2.54.0-doc",
        "out": "/nix/store/r0581vs09k8g2pkd41w4g7m8y14rnpbc-git-2.54.0"
      },
      "system": "aarch64-linux",
      "group": "toplevel",
      "priority": 5
    },
    {
      "attr_path": "git",
      "broken": false,
      "derivation": "/nix/store/z4bgb40x2r71vpkilbff5lbybjw4wkka-git-2.54.0.drv",
      "description": "Distributed version control system",
      "install_id": "git",
      "license": "GPL-2.0",
      "locked_url": "https://github.com/flox/nixpkgs?rev=753cc8a3a87467296ddd1fa93f0cc3e81120ee46",
      "name": "git-2.54.0",
      "pname": "git",
      "rev": "753cc8a3a87467296ddd1fa93f0cc3e81120ee46",
      "rev_count": 1035164,
      "rev_date": "2026-07-15T13:07:34Z",
      "scrape_date": "2026-07-17T05:54:57.014575Z",
      "stabilities": [
        "unstable",
        "staging"
      ],
      "unfree": false,
      "version": "2.54.0",
      "outputs_to_install": [
        "out"
      ],
      "outputs": {
        "debug": "/nix/store/6mj7lgxzx4zzdinr3xvxwa8gd0jrp4jq-git-2.54.0-debug",
        "doc": "/nix/store/6k14cjwl7a5q78w3dddbm4x49k9g4ywp-git-2.54.0-doc",
        "out": "/nix/store/1k2lblqlj39azh6wn1sffa2869vrg3mr-git-2.54.0"
      },
      "system": "x86_64-linux",
      "group": "toplevel",
      "priority": 5
    },
    {
      "attr_path": "libgcc",
      "broken": false,
      "derivation": "/nix/store/bxm1xaiv2f4r0yc5z1xgrr43v63hvszj-gcc-15.2.0.drv",
      "description": "GNU Compiler Collection, version 15.2.0",
      "install_id": "libgcc",
      "license": "GPL-3.0-or-later",
      "locked_url": "https://github.com/flox/nixpkgs?rev=753cc8a3a87467296ddd1fa93f0cc3e81120ee46",
      "name": "gcc-15.2.0",
      "pname": "libgcc",
      "rev": "753cc8a3a87467296ddd1fa93f0cc3e81120ee46",
      "rev_count": 1035164,
      "rev_date": "2026-07-15T13:07:34Z",
      "scrape_date": "2026-07-17T05:22:11.716360Z",
      "stabilities": [
        "unstable",
        "staging"
      ],
      "unfree": false,
      "version": "15.2.0",
      "outputs_to_install": [
        "man",
        "out",
        "out"
      ],
      "outputs": {
        "checksum": "/nix/store/v7p4iaan4gmlcvbj36hszsg8bn9kc3a2-gcc-15.2.0-checksum",
        "info": "/nix/store/fjbf3vyinwn96q72w0cdpwyi4vk29z4a-gcc-15.2.0-info",
        "lib": "/nix/store/hp54qay7ayl502zksigjr1irfn7h7zrp-gcc-15.2.0-lib",
        "libgcc": "/nix/store/ywqrpp6yixmafd0lszqb5ggv3c8zwfin-gcc-15.2.0-libgcc",
        "man": "/nix/store/avnqzfjyp8rgsv34fnq599gfii09f6zc-gcc-15.2.0-man",
        "out": "/nix/store/8f6sbbxpdxmkp0r55dabn645s5j4wcl4-gcc-15.2.0"
      },
      "system": "aarch64-linux",
      "group": "toplevel",
      "priority": 5
    },
    {
      "attr_path": "libgcc",
      "broken": false,
      "derivation": "/nix/store/0k916n4i6bw36wvn4xq0abcss7sh3icc-gcc-15.2.0.drv",
      "description": "GNU Compiler Collection, version 15.2.0",
      "install_id": "libgcc",
      "license": "GPL-3.0-or-later",
      "locked_url": "https://github.com/flox/nixpkgs?rev=753cc8a3a87467296ddd1fa93f0cc3e81120ee46",
      "name": "gcc-15.2.0",
      "pname": "libgcc",
      "rev": "753cc8a3a87467296ddd1fa93f0cc3e81120ee46",
      "rev_count": 1035164,
      "rev_date": "2026-07-15T13:07:34Z",
      "scrape_date": "2026-07-17T05:55:21.798959Z",
      "stabilities": [
        "unstable",
        "staging"
      ],
      "unfree": false,
      "version": "15.2.0",
      "outputs_to_install": [
        "man",
        "man",
        "out",
        "out",
        "out"
      ],
      "outputs": {
        "checksum": "/nix/store/hir2zbdr2kcl8qqyigfhxmsqd4y2h608-gcc-15.2.0-checksum",
        "info": "/nix/store/k47xnsg07pcksz62wxd4jz5c9zk0rvy2-gcc-15.2.0-info",
        "lib": "/nix/store/8lahnh9pn3lrrnhax5nk7ibvjcbjmnkm-gcc-15.2.0-lib",
        "libgcc": "/nix/store/wlj7fzgbchbxhd6hplwm2dwl15gizcn5-gcc-15.2.0-libgcc",
        "man": "/nix/store/6zirpfdk199mxk7r3dzxrj143ahd3qdi-gcc-15.2.0-man",
        "out": "/nix/store/0axpqqmj1rcanmm2i8vzpd8xxwkmq2jf-gcc-15.2.0"
      },
      "system": "x86_64-linux",
      "group": "toplevel",
      "priority": 5
    },
    {
      "attr_path": "python313",
      "broken": false,
      "derivation": "/nix/store/h2zyvz372kpqbcr5v4gcdxw7gwkj25f7-python3-3.13.14.drv",
      "description": "High-level dynamically-typed programming language",
      "install_id": "python313",
      "license": "Python-2.0",
      "locked_url": "https://github.com/flox/nixpkgs?rev=753cc8a3a87467296ddd1fa93f0cc3e81120ee46",
      "name": "python3-3.13.14",
      "pname": "python313",
      "rev": "753cc8a3a87467296ddd1fa93f0cc3e81120ee46",
      "rev_count": 1035164,
      "rev_date": "2026-07-15T13:07:34Z",
      "scrape_date": "2026-07-17T04:53:14.570725Z",
      "stabilities": [
        "unstable",
        "staging"
      ],
      "unfree": false,
      "version": "python3-3.13.14",
      "outputs_to_install": [
        "out"
      ],
      "outputs": {
        "out": "/nix/store/wi05rmjvzqahhd3xpa3vb4wjwzvb82qa-python3-3.13.14"
      },
      "system": "aarch64-darwin",
      "group": "toplevel",
      "priority": 5
    },
    {
      "attr_path": "python313",
      "broken": false,
      "derivation": "/nix/store/n265s5z9havfskakw8sgwv1zxfxs0k0r-python3-3.13.14.drv",
      "description": "High-level dynamically-typed programming language",
      "install_id": "python313",
      "license": "Python-2.0",
      "locked_url": "https://github.com/flox/nixpkgs?rev=753cc8a3a87467296ddd1fa93f0cc3e81120ee46",
      "name": "python3-3.13.14",
      "pname": "python313",
      "rev": "753cc8a3a87467296ddd1fa93f0cc3e81120ee46",
      "rev_count": 1035164,
      "rev_date": "2026-07-15T13:07:34Z",
      "scrape_date": "2026-07-17T05:22:47.665782Z",
      "stabilities": [
        "unstable",
        "staging"
      ],
      "unfree": false,
      "version": "python3-3.13.14",
      "outputs_to_install": [
        "out",
        "out"
      ],
      "outputs": {
        "debug": "/nix/store/rb3s2p9p150hjd7lk41fg2yii50q7lp7-python3-3.13.14-debug",
        "out": "/nix/store/va0s2yvyqrzdyfs1n0jskwfrasmjipv7-python3-3.13.14"
      },
      "system": "aarch64-linux",
      "group": "toplevel",
      "priority": 5
    },
    {
      "attr_path": "python313",
      "broken": false,
      "derivation": "/nix/store/sh495rmpqcz6zy6yanf1pcx1riqvirb9-python3-3.13.14.drv",
      "description": "High-level dynamically-typed programming language",
      "install_id": "python313",
      "license": "Python-2.0",
      "locked_url": "https://github.com/flox/nixpkgs?rev=753cc8a3a87467296ddd1fa93f0cc3e81120ee46",
      "name": "python3-3.13.14",
      "pname": "python313",
      "rev": "753cc8a3a87467296ddd1fa93f0cc3e81120ee46",
      "rev_count": 1035164,
      "rev_date": "2026-07-15T13:07:34Z",
      "scrape_date": "2026-07-17T05:56:00.244006Z",
      "stabilities": [
        "unstable",
        "staging"
      ],
      "unfree": false,
      "version": "python3-3.13.14",
      "outputs_to_install": [
        "out",
        "out"
      ],
      "outputs": {
        "debug": "/nix/store/jrl795b7kmmd96r0575rmcrlmr1m81y6-python3-3.13.14-debug",
        "out": "/nix/store/pbdy5h9sjs92a37gq9sspg2797q4j4fa-python3-3.13.14"
      },
      "system": "x86_64-linux",
      "group": "toplevel",
      "priority": 5
    },
    {
      "attr_path": "time",
      "broken": false,
      "derivation": "/nix/store/f5mfxrwb3m9zivysl2s5lj8qbsgmhk97-time-1.10.drv",
      "description": "Tool that runs programs and summarizes the system resources they use",
      "install_id": "time",
      "license": "GPL-3.0-or-later",
      "locked_url": "https://github.com/flox/nixpkgs?rev=753cc8a3a87467296ddd1fa93f0cc3e81120ee46",
      "name": "time-1.10",
      "pname": "time",
      "rev": "753cc8a3a87467296ddd1fa93f0cc3e81120ee46",
      "rev_count": 1035164,
      "rev_date": "2026-07-15T13:07:34Z",
      "scrape_date": "2026-07-17T04:54:51.136373Z",
      "stabilities": [
        "unstable",
        "staging"
      ],
      "unfree": false,
      "version": "1.10",
      "outputs_to_install": [
        "out"
      ],
      "outputs": {
        "info": "/nix/store/1v27nx44w5f3sgcc8qgm5213mvn06szs-time-1.10-info",
        "out": "/nix/store/isyqngas6bq2nqqpm2pwi024fivaazkk-time-1.10"
      },
      "system": "aarch64-darwin",
      "group": "toplevel",
      "priority": 5
    },
    {
      "attr_path": "time",
      "broken": false,
      "derivation": "/nix/store/wdlaw8byimca6dfl64l09gkf04w835hr-time-1.10.drv",
      "description": "Tool that runs programs and summarizes the system resources they use",
      "install_id": "time",
      "license": "GPL-3.0-or-later",
      "locked_url": "https://github.com/flox/nixpkgs?rev=753cc8a3a87467296ddd1fa93f0cc3e81120ee46",
      "name": "time-1.10",
      "pname": "time",
      "rev": "753cc8a3a87467296ddd1fa93f0cc3e81120ee46",
      "rev_count": 1035164,
      "rev_date": "2026-07-15T13:07:34Z",
      "scrape_date": "2026-07-17T05:24:54.079858Z",
      "stabilities": [
        "unstable",
        "staging"
      ],
      "unfree": false,
      "version": "1.10",
      "outputs_to_install": [
        "out"
      ],
      "outputs": {
        "info": "/nix/store/w8gfg8m8kvk7fsryarxpd4xmfzvr8za5-time-1.10-info",
        "out": "/nix/store/iwqw8ipd6xi9d11aqadm6gwgkg76s06y-time-1.10"
      },
      "system": "aarch64-linux",
      "group": "toplevel",
      "priority": 5
    },
    {
      "attr_path": "time",
      "broken": false,
      "derivation": "/nix/store/3aphc9b5s5mc9p74a3yh9l67bjrcgdgp-time-1.10.drv",
      "description": "Tool that runs programs and summarizes the system resources they use",
      "install_id": "time",
      "license": "GPL-3.0-or-later",
      "locked_url": "https://github.com/flox/nixpkgs?rev=753cc8a3a87467296ddd1fa93f0cc3e81120ee46",
      "name": "time-1.10",
      "pname": "time",
      "rev": "753cc8a3a87467296ddd1fa93f0cc3e81120ee46",
      "rev_count": 1035164,
      "rev_date": "2026-07-15T13:07:34Z",
      "scrape_date": "2026-07-17T05:58:03.523153Z",
      "stabilities": [
        "unstable",
        "staging"
      ],
      "unfree": false,
      "version": "1.10",
      "outputs_to_install": [
        "out"
      ],
      "outputs": {
        "info": "/nix/store/5lrzw14pflc3hy3av9l2h8nj2rcvf9jj-time-1.10-info",
        "out": "/nix/store/zcxj51n49l375d6cvjqmcjkwxx72hp41-time-1.10"
      },
      "system": "x86_64-linux",
      "group": "toplevel",
      "priority": 5
    },
    {
      "attr_path": "uv",
      "broken": false,
      "derivation": "/nix/store/c3a2nkn6r77mljbz2idjb11yvffak6rl-uv-0.11.26.drv",
      "description": "Extremely fast Python package installer and resolver, written in Rust",
      "install_id": "uv",
      "license": "[ Apache-2.0, MIT ]",
      "locked_url": "https://github.com/flox/nixpkgs?rev=753cc8a3a87467296ddd1fa93f0cc3e81120ee46",
      "name": "uv-0.11.26",
      "pname": "uv",
      "rev": "753cc8a3a87467296ddd1fa93f0cc3e81120ee46",
      "rev_count": 1035164,
      "rev_date": "2026-07-15T13:07:34Z",
      "scrape_date": "2026-07-17T04:55:15.048993Z",
      "stabilities": [
        "unstable",
        "staging"
      ],
      "unfree": false,
      "version": "0.11.26",
      "outputs_to_install": [
        "out",
        "out"
      ],
      "outputs": {
        "out": "/nix/store/q9yngkdm5ysr51bgc36pyq14k5g3x42n-uv-0.11.26"
      },
      "system": "aarch64-darwin",
      "group": "toplevel",
      "priority": 5
    },
    {
      "attr_path": "uv",
      "broken": false,
      "derivation": "/nix/store/d7jkhswv1jymbs7w9ialyzv718gdridl-uv-0.11.26.drv",
      "description": "Extremely fast Python package installer and resolver, written in Rust",
      "install_id": "uv",
      "license": "[ Apache-2.0, MIT ]",
      "locked_url": "https://github.com/flox/nixpkgs?rev=753cc8a3a87467296ddd1fa93f0cc3e81120ee46",
      "name": "uv-0.11.26",
      "pname": "uv",
      "rev": "753cc8a3a87467296ddd1fa93f0cc3e81120ee46",
      "rev_count": 1035164,
      "rev_date": "2026-07-15T13:07:34Z",
      "scrape_date": "2026-07-17T05:25:26.514736Z",
      "stabilities": [
        "unstable",
        "staging"
      ],
      "unfree": false,
      "version": "0.11.26",
      "outputs_to_install": [
        "out"
      ],
      "outputs": {
        "out": "/nix/store/hv7n7hqzxmxkvw6s8vg1gngr44b50mlm-uv-0.11.26"
      },
      "system": "aarch64-linux",
      "group": "toplevel",
      "priority": 5
    },
    {
      "attr_path": "uv",
      "broken": false,
      "derivation": "/nix/store/c8y3hsmxd7zjs313bzk8hi0i7r37rpgz-uv-0.11.26.drv",
      "description": "Extremely fast Python package installer and resolver, written in Rust",
      "install_id": "uv",
      "license": "[ Apache-2.0, MIT ]",
      "locked_url": "https://github.com/flox/nixpkgs?rev=753cc8a3a87467296ddd1fa93f0cc3e81120ee46",
      "name": "uv-0.11.26",
      "pname": "uv",
      "rev": "753cc8a3a87467296ddd1fa93f0cc3e81120ee46",
      "rev_count": 1035164,
      "rev_date": "2026-07-15T13:07:34Z",
      "scrape_date": "2026-07-17T05:58:32.082724Z",
      "stabilities": [
        "unstable",
        "staging"
      ],
      "unfree": false,
      "version": "0.11.26",
      "outputs_to_install": [
        "out"
      ],
      "outputs": {
        "out": "/nix/store/rnw9az7lsij3f8wgmikxjcs0w3ccqxq0-uv-0.11.26"
      },
      "system": "x86_64-linux",
      "group": "toplevel",
      "priority": 5
    }
  ]
}
