{
  "lockfile-version": 1,
  "manifest": {
    "schema-version": "1.13.0",
    "install": {
      "bd": {
        "flake": "github:gastownhall/beads/v1.1.0"
      },
      "dolt": {
        "pkg-path": "dolt"
      },
      "gh": {
        "pkg-path": "gh"
      },
      "git": {
        "pkg-path": "git"
      },
      "infisical": {
        "pkg-path": "infisical"
      },
      "jq": {
        "pkg-path": "jq"
      },
      "roborev": {
        "flake": "github:kenn-io/roborev/v0.62.1"
      },
      "uv": {
        "pkg-path": "uv",
        "version": "0.11.26"
      }
    },
    "hook": {},
    "profile": {},
    "options": {
      "systems": [
        "aarch64-darwin",
        "aarch64-linux",
        "x86_64-linux"
      ]
    },
    "build": {
      "bd": {
        "command": "  set -euo pipefail\n  version=\"1.1.0\"\n  case \"$(uname -s)-$(uname -m)\" in\n    Darwin-arm64)\n      asset=\"beads_${version}_darwin_arm64.tar.gz\"\n      sha256=\"c42e24d83b258f7ba9f52a6d2d5f6b055869dfe7807165055988b12e7ea8c564\"\n      ;;\n    *)\n      # TODO(#445 follow-up): pin Linux asset names/hashes once published\n      # from a Linux builder; until then this build only runs on darwin-arm64.\n      echo \"error: no pinned bd asset for $(uname -s)-$(uname -m)\" >&2\n      exit 1\n      ;;\n  esac\n  if [ -z \"${SSL_CERT_FILE:-}\" ] && [ -f \"${FLOX_ENV}/etc/ssl/certs/ca-bundle.crt\" ]; then\n    export SSL_CERT_FILE=\"${FLOX_ENV}/etc/ssl/certs/ca-bundle.crt\"\n  fi\n  tmp=\"$(mktemp -d)\"\n  trap 'rm -rf \"${tmp}\"' EXIT\n  curl -fsSL -o \"${tmp}/${asset}\" \\\n    \"https://github.com/gastownhall/beads/releases/download/v${version}/${asset}\"\n  echo \"${sha256}  ${tmp}/${asset}\" | sha256sum --check -\n  tar -xzf \"${tmp}/${asset}\" -C \"${tmp}\"\n  mkdir -p \"$out/bin\"\n  install -m755 \"${tmp}/bd\" \"$out/bin/bd\"\n",
        "sandbox": "off",
        "version": "1.1.0",
        "description": "beads (bd) CLI repackaged from official upstream release binaries"
      },
      "roborev": {
        "command": "  set -euo pipefail\n  version=\"0.62.1\"\n  case \"$(uname -s)-$(uname -m)\" in\n    Darwin-arm64)\n      asset=\"roborev_${version}_darwin_arm64.tar.gz\"\n      sha256=\"c90c6a7553c19faa9588d0a44962d62ddd82d0db607490d618a27aa2392296da\"\n      ;;\n    *)\n      # TODO(#445 follow-up): pin Linux asset names/hashes once published\n      # from a Linux builder; until then this build only runs on darwin-arm64.\n      echo \"error: no pinned roborev asset for $(uname -s)-$(uname -m)\" >&2\n      exit 1\n      ;;\n  esac\n  if [ -z \"${SSL_CERT_FILE:-}\" ] && [ -f \"${FLOX_ENV}/etc/ssl/certs/ca-bundle.crt\" ]; then\n    export SSL_CERT_FILE=\"${FLOX_ENV}/etc/ssl/certs/ca-bundle.crt\"\n  fi\n  tmp=\"$(mktemp -d)\"\n  trap 'rm -rf \"${tmp}\"' EXIT\n  curl -fsSL -o \"${tmp}/${asset}\" \\\n    \"https://github.com/kenn-io/roborev/releases/download/v${version}/${asset}\"\n  echo \"${sha256}  ${tmp}/${asset}\" | sha256sum --check -\n  tar -xzf \"${tmp}/${asset}\" -C \"${tmp}\"\n  mkdir -p \"$out/bin\"\n  install -m755 \"${tmp}/roborev\" \"$out/bin/roborev\"\n",
        "sandbox": "off",
        "version": "0.62.1",
        "description": "roborev CLI repackaged from official upstream release binaries"
      }
    }
  },
  "packages": [
    {
      "attr_path": "dolt",
      "broken": false,
      "derivation": "/nix/store/f3z563lw9c0r5zqx84vc4y80n0mlxkwr-dolt-2.1.9.drv",
      "description": "Relational database with version control and CLI a-la Git",
      "install_id": "dolt",
      "license": "Apache-2.0",
      "locked_url": "https://github.com/flox/nixpkgs?rev=18b9261cb3294b6d2a06d03f96872827b8fe2698",
      "name": "dolt-2.1.9",
      "pname": "dolt",
      "rev": "18b9261cb3294b6d2a06d03f96872827b8fe2698",
      "rev_count": 1034379,
      "rev_date": "2026-07-14T05:44:30Z",
      "scrape_date": "2026-07-15T16:53:41.783449Z",
      "stabilities": [
        "unstable"
      ],
      "unfree": false,
      "version": "2.1.9",
      "outputs_to_install": [
        "out"
      ],
      "outputs": {
        "out": "/nix/store/y70lmbm418xcfycjxinhi8y5whl1q3yn-dolt-2.1.9"
      },
      "system": "aarch64-darwin",
      "group": "toplevel",
      "priority": 5
    },
    {
      "attr_path": "dolt",
      "broken": false,
      "derivation": "/nix/store/c3z2fbh4yjzpw6swjqvny3dx80d0j3rw-dolt-2.1.9.drv",
      "description": "Relational database with version control and CLI a-la Git",
      "install_id": "dolt",
      "license": "Apache-2.0",
      "locked_url": "https://github.com/flox/nixpkgs?rev=18b9261cb3294b6d2a06d03f96872827b8fe2698",
      "name": "dolt-2.1.9",
      "pname": "dolt",
      "rev": "18b9261cb3294b6d2a06d03f96872827b8fe2698",
      "rev_count": 1034379,
      "rev_date": "2026-07-14T05:44:30Z",
      "scrape_date": "2026-07-15T17:52:43.013594Z",
      "stabilities": [
        "unstable"
      ],
      "unfree": false,
      "version": "2.1.9",
      "outputs_to_install": [
        "out"
      ],
      "outputs": {
        "out": "/nix/store/69ipxhdqhfn7v2z5xmigrps04g93f9qk-dolt-2.1.9"
      },
      "system": "aarch64-linux",
      "group": "toplevel",
      "priority": 5
    },
    {
      "attr_path": "dolt",
      "broken": false,
      "derivation": "/nix/store/0gn8lhmfskfdkdca9mybfbsqhgblj917-dolt-2.1.9.drv",
      "description": "Relational database with version control and CLI a-la Git",
      "install_id": "dolt",
      "license": "Apache-2.0",
      "locked_url": "https://github.com/flox/nixpkgs?rev=18b9261cb3294b6d2a06d03f96872827b8fe2698",
      "name": "dolt-2.1.9",
      "pname": "dolt",
      "rev": "18b9261cb3294b6d2a06d03f96872827b8fe2698",
      "rev_count": 1034379,
      "rev_date": "2026-07-14T05:44:30Z",
      "scrape_date": "2026-07-15T18:56:22.174311Z",
      "stabilities": [
        "unstable"
      ],
      "unfree": false,
      "version": "2.1.9",
      "outputs_to_install": [
        "out"
      ],
      "outputs": {
        "out": "/nix/store/1h1ynwz5ngsqj9bcq59lbviddk94qr4x-dolt-2.1.9"
      },
      "system": "x86_64-linux",
      "group": "toplevel",
      "priority": 5
    },
    {
      "attr_path": "gh",
      "broken": false,
      "derivation": "/nix/store/0cv922n2aa9k3da8dfar3jf5h60ir26d-gh-2.96.0.drv",
      "description": "GitHub CLI tool",
      "install_id": "gh",
      "license": "MIT",
      "locked_url": "https://github.com/flox/nixpkgs?rev=18b9261cb3294b6d2a06d03f96872827b8fe2698",
      "name": "gh-2.96.0",
      "pname": "gh",
      "rev": "18b9261cb3294b6d2a06d03f96872827b8fe2698",
      "rev_count": 1034379,
      "rev_date": "2026-07-14T05:44:30Z",
      "scrape_date": "2026-07-15T16:53:42.356074Z",
      "stabilities": [
        "unstable"
      ],
      "unfree": false,
      "version": "2.96.0",
      "outputs_to_install": [
        "out"
      ],
      "outputs": {
        "out": "/nix/store/5m3slxi84h97r5hzmy4dhfksl9cc166a-gh-2.96.0"
      },
      "system": "aarch64-darwin",
      "group": "toplevel",
      "priority": 5
    },
    {
      "attr_path": "gh",
      "broken": false,
      "derivation": "/nix/store/6557md8nzqrqcy69a0gwcjvnqm181dfx-gh-2.96.0.drv",
      "description": "GitHub CLI tool",
      "install_id": "gh",
      "license": "MIT",
      "locked_url": "https://github.com/flox/nixpkgs?rev=18b9261cb3294b6d2a06d03f96872827b8fe2698",
      "name": "gh-2.96.0",
      "pname": "gh",
      "rev": "18b9261cb3294b6d2a06d03f96872827b8fe2698",
      "rev_count": 1034379,
      "rev_date": "2026-07-14T05:44:30Z",
      "scrape_date": "2026-07-15T17:52:44.728847Z",
      "stabilities": [
        "unstable"
      ],
      "unfree": false,
      "version": "2.96.0",
      "outputs_to_install": [
        "out"
      ],
      "outputs": {
        "out": "/nix/store/85s40vacs1ajn0x7b3vszvlqwnflh0dq-gh-2.96.0"
      },
      "system": "aarch64-linux",
      "group": "toplevel",
      "priority": 5
    },
    {
      "attr_path": "gh",
      "broken": false,
      "derivation": "/nix/store/0wh6avi717rbm1kyxqli0fhx3gdfc80v-gh-2.96.0.drv",
      "description": "GitHub CLI tool",
      "install_id": "gh",
      "license": "MIT",
      "locked_url": "https://github.com/flox/nixpkgs?rev=18b9261cb3294b6d2a06d03f96872827b8fe2698",
      "name": "gh-2.96.0",
      "pname": "gh",
      "rev": "18b9261cb3294b6d2a06d03f96872827b8fe2698",
      "rev_count": 1034379,
      "rev_date": "2026-07-14T05:44:30Z",
      "scrape_date": "2026-07-15T18:56:23.142918Z",
      "stabilities": [
        "unstable"
      ],
      "unfree": false,
      "version": "2.96.0",
      "outputs_to_install": [
        "out"
      ],
      "outputs": {
        "out": "/nix/store/fz2h6h3cgw645ighi31zdjwbkdzmaav7-gh-2.96.0"
      },
      "system": "x86_64-linux",
      "group": "toplevel",
      "priority": 5
    },
    {
      "attr_path": "git",
      "broken": false,
      "derivation": "/nix/store/p5zk3a15253q3xj694j7fpib81bbrj0z-git-2.54.0.drv",
      "description": "Distributed version control system",
      "install_id": "git",
      "license": "GPL-2.0",
      "locked_url": "https://github.com/flox/nixpkgs?rev=18b9261cb3294b6d2a06d03f96872827b8fe2698",
      "name": "git-2.54.0",
      "pname": "git",
      "rev": "18b9261cb3294b6d2a06d03f96872827b8fe2698",
      "rev_count": 1034379,
      "rev_date": "2026-07-14T05:44:30Z",
      "scrape_date": "2026-07-15T16:53:42.401717Z",
      "stabilities": [
        "unstable"
      ],
      "unfree": false,
      "version": "2.54.0",
      "outputs_to_install": [
        "out"
      ],
      "outputs": {
        "doc": "/nix/store/fa8bp120sy3kiyrsy6l47lfan0zjl589-git-2.54.0-doc",
        "out": "/nix/store/01258rj9fvamcl4bf7yjffysmwyvd72i-git-2.54.0"
      },
      "system": "aarch64-darwin",
      "group": "toplevel",
      "priority": 5
    },
    {
      "attr_path": "git",
      "broken": false,
      "derivation": "/nix/store/9qws0dpk8k46pllp8jbywn7hwjghlgxh-git-2.54.0.drv",
      "description": "Distributed version control system",
      "install_id": "git",
      "license": "GPL-2.0",
      "locked_url": "https://github.com/flox/nixpkgs?rev=18b9261cb3294b6d2a06d03f96872827b8fe2698",
      "name": "git-2.54.0",
      "pname": "git",
      "rev": "18b9261cb3294b6d2a06d03f96872827b8fe2698",
      "rev_count": 1034379,
      "rev_date": "2026-07-14T05:44:30Z",
      "scrape_date": "2026-07-15T17:52:44.785056Z",
      "stabilities": [
        "unstable"
      ],
      "unfree": false,
      "version": "2.54.0",
      "outputs_to_install": [
        "out"
      ],
      "outputs": {
        "debug": "/nix/store/pf9h57hj6j7s6p16y9j3xlhqgzn60nin-git-2.54.0-debug",
        "doc": "/nix/store/hypxgl3rcxiyj56dq1ixwihqg23asklm-git-2.54.0-doc",
        "out": "/nix/store/r0581vs09k8g2pkd41w4g7m8y14rnpbc-git-2.54.0"
      },
      "system": "aarch64-linux",
      "group": "toplevel",
      "priority": 5
    },
    {
      "attr_path": "git",
      "broken": false,
      "derivation": "/nix/store/z4bgb40x2r71vpkilbff5lbybjw4wkka-git-2.54.0.drv",
      "description": "Distributed version control system",
      "install_id": "git",
      "license": "GPL-2.0",
      "locked_url": "https://github.com/flox/nixpkgs?rev=18b9261cb3294b6d2a06d03f96872827b8fe2698",
      "name": "git-2.54.0",
      "pname": "git",
      "rev": "18b9261cb3294b6d2a06d03f96872827b8fe2698",
      "rev_count": 1034379,
      "rev_date": "2026-07-14T05:44:30Z",
      "scrape_date": "2026-07-15T18:56:23.204424Z",
      "stabilities": [
        "unstable"
      ],
      "unfree": false,
      "version": "2.54.0",
      "outputs_to_install": [
        "out"
      ],
      "outputs": {
        "debug": "/nix/store/6mj7lgxzx4zzdinr3xvxwa8gd0jrp4jq-git-2.54.0-debug",
        "doc": "/nix/store/6k14cjwl7a5q78w3dddbm4x49k9g4ywp-git-2.54.0-doc",
        "out": "/nix/store/1k2lblqlj39azh6wn1sffa2869vrg3mr-git-2.54.0"
      },
      "system": "x86_64-linux",
      "group": "toplevel",
      "priority": 5
    },
    {
      "attr_path": "infisical",
      "broken": false,
      "derivation": "/nix/store/2wk99li8hrlspwrhm4401bnmcnfjngl6-infisical-0.41.90.drv",
      "description": "Official Infisical CLI",
      "install_id": "infisical",
      "license": "MIT",
      "locked_url": "https://github.com/flox/nixpkgs?rev=18b9261cb3294b6d2a06d03f96872827b8fe2698",
      "name": "infisical-0.41.90",
      "pname": "infisical",
      "rev": "18b9261cb3294b6d2a06d03f96872827b8fe2698",
      "rev_count": 1034379,
      "rev_date": "2026-07-14T05:44:30Z",
      "scrape_date": "2026-07-15T16:53:58.596278Z",
      "stabilities": [
        "unstable"
      ],
      "unfree": false,
      "version": "0.41.90",
      "outputs_to_install": [
        "out"
      ],
      "outputs": {
        "out": "/nix/store/bjvcm0h1n0306iq6h2m18i0kdcxwflsg-infisical-0.41.90"
      },
      "system": "aarch64-darwin",
      "group": "toplevel",
      "priority": 5
    },
    {
      "attr_path": "infisical",
      "broken": false,
      "derivation": "/nix/store/1kl8ajw11i9pm91bl8r7icw1lk9xpafp-infisical-0.41.90.drv",
      "description": "Official Infisical CLI",
      "install_id": "infisical",
      "license": "MIT",
      "locked_url": "https://github.com/flox/nixpkgs?rev=18b9261cb3294b6d2a06d03f96872827b8fe2698",
      "name": "infisical-0.41.90",
      "pname": "infisical",
      "rev": "18b9261cb3294b6d2a06d03f96872827b8fe2698",
      "rev_count": 1034379,
      "rev_date": "2026-07-14T05:44:30Z",
      "scrape_date": "2026-07-15T17:53:04.889194Z",
      "stabilities": [
        "unstable"
      ],
      "unfree": false,
      "version": "0.41.90",
      "outputs_to_install": [
        "out"
      ],
      "outputs": {
        "out": "/nix/store/m4mjvavidr2kq56y88r08pyvd2g145gn-infisical-0.41.90"
      },
      "system": "aarch64-linux",
      "group": "toplevel",
      "priority": 5
    },
    {
      "attr_path": "infisical",
      "broken": false,
      "derivation": "/nix/store/6fy5i4ahdmfwh9czncqg8yhcl4abb0q9-infisical-0.41.90.drv",
      "description": "Official Infisical CLI",
      "install_id": "infisical",
      "license": "MIT",
      "locked_url": "https://github.com/flox/nixpkgs?rev=18b9261cb3294b6d2a06d03f96872827b8fe2698",
      "name": "infisical-0.41.90",
      "pname": "infisical",
      "rev": "18b9261cb3294b6d2a06d03f96872827b8fe2698",
      "rev_count": 1034379,
      "rev_date": "2026-07-14T05:44:30Z",
      "scrape_date": "2026-07-15T18:56:44.523139Z",
      "stabilities": [
        "unstable"
      ],
      "unfree": false,
      "version": "0.41.90",
      "outputs_to_install": [
        "out"
      ],
      "outputs": {
        "out": "/nix/store/s2ihcvgkqikr5i6swqfry3ifc9qp81s6-infisical-0.41.90"
      },
      "system": "x86_64-linux",
      "group": "toplevel",
      "priority": 5
    },
    {
      "attr_path": "jq",
      "broken": false,
      "derivation": "/nix/store/rgi7g8yi9vakgqdj8h5fjs6ylzv4m8qz-jq-1.8.2.drv",
      "description": "Lightweight and flexible command-line JSON processor",
      "install_id": "jq",
      "license": "MIT",
      "locked_url": "https://github.com/flox/nixpkgs?rev=18b9261cb3294b6d2a06d03f96872827b8fe2698",
      "name": "jq-1.8.2",
      "pname": "jq",
      "rev": "18b9261cb3294b6d2a06d03f96872827b8fe2698",
      "rev_count": 1034379,
      "rev_date": "2026-07-14T05:44:30Z",
      "scrape_date": "2026-07-15T16:53:59.131778Z",
      "stabilities": [
        "unstable"
      ],
      "unfree": false,
      "version": "1.8.2",
      "outputs_to_install": [
        "bin",
        "man"
      ],
      "outputs": {
        "bin": "/nix/store/w9rx3k3j6r1aijl9vbhdw0j8h6rzdwww-jq-1.8.2-bin",
        "dev": "/nix/store/gwq87n1iz8fbhnd9g52aw4b6wb8vfal7-jq-1.8.2-dev",
        "doc": "/nix/store/spgihyfnkcbdzwqk8661xlxgn7vp9lp3-jq-1.8.2-doc",
        "man": "/nix/store/pgwzzdyic7mf4dzxxj0dw7j1la50gzb8-jq-1.8.2-man",
        "out": "/nix/store/n0h3l9gvwsgxfkcrc4jy4mkf95b81gxy-jq-1.8.2"
      },
      "system": "aarch64-darwin",
      "group": "toplevel",
      "priority": 5
    },
    {
      "attr_path": "jq",
      "broken": false,
      "derivation": "/nix/store/4grj7klflisi6z6j6l7zb4d7nh81kvwb-jq-1.8.2.drv",
      "description": "Lightweight and flexible command-line JSON processor",
      "install_id": "jq",
      "license": "MIT",
      "locked_url": "https://github.com/flox/nixpkgs?rev=18b9261cb3294b6d2a06d03f96872827b8fe2698",
      "name": "jq-1.8.2",
      "pname": "jq",
      "rev": "18b9261cb3294b6d2a06d03f96872827b8fe2698",
      "rev_count": 1034379,
      "rev_date": "2026-07-14T05:44:30Z",
      "scrape_date": "2026-07-15T17:53:05.735666Z",
      "stabilities": [
        "unstable"
      ],
      "unfree": false,
      "version": "1.8.2",
      "outputs_to_install": [
        "bin",
        "bin",
        "man"
      ],
      "outputs": {
        "bin": "/nix/store/5whqqvqs3bs1q85wvlh1s62xamjp2ddd-jq-1.8.2-bin",
        "dev": "/nix/store/5vir0728vnqsgv0w4hbwid0w36pjzix8-jq-1.8.2-dev",
        "doc": "/nix/store/97mmiwl3n44brlf1n52wlqn2ncq9l0q1-jq-1.8.2-doc",
        "man": "/nix/store/j74grvap66q6g1nb2z1fai8gba6zn2r8-jq-1.8.2-man",
        "out": "/nix/store/sllc59m9drvcawrlmsmw74ai9wkia9f1-jq-1.8.2"
      },
      "system": "aarch64-linux",
      "group": "toplevel",
      "priority": 5
    },
    {
      "attr_path": "jq",
      "broken": false,
      "derivation": "/nix/store/dfwn0131h6xq4nifhvrw7ivpf9ch9j7m-jq-1.8.2.drv",
      "description": "Lightweight and flexible command-line JSON processor",
      "install_id": "jq",
      "license": "MIT",
      "locked_url": "https://github.com/flox/nixpkgs?rev=18b9261cb3294b6d2a06d03f96872827b8fe2698",
      "name": "jq-1.8.2",
      "pname": "jq",
      "rev": "18b9261cb3294b6d2a06d03f96872827b8fe2698",
      "rev_count": 1034379,
      "rev_date": "2026-07-14T05:44:30Z",
      "scrape_date": "2026-07-15T18:56:45.454585Z",
      "stabilities": [
        "unstable"
      ],
      "unfree": false,
      "version": "1.8.2",
      "outputs_to_install": [
        "bin",
        "bin",
        "man"
      ],
      "outputs": {
        "bin": "/nix/store/1bp02949k0xdihbgphpwbzba1741pknk-jq-1.8.2-bin",
        "dev": "/nix/store/gfgr11fc6rd0rnbalj2qk69s4jyy5rsb-jq-1.8.2-dev",
        "doc": "/nix/store/ic07gi5rsjf4nq2ad3h40cpk92bfxb0f-jq-1.8.2-doc",
        "man": "/nix/store/zcxx34cdvf8xbv26vw2hbgjmsjwxaj9h-jq-1.8.2-man",
        "out": "/nix/store/mgrb1j6chhwmb7jwd6cjwihbni2szz1d-jq-1.8.2"
      },
      "system": "x86_64-linux",
      "group": "toplevel",
      "priority": 5
    },
    {
      "attr_path": "uv",
      "broken": false,
      "derivation": "/nix/store/c3a2nkn6r77mljbz2idjb11yvffak6rl-uv-0.11.26.drv",
      "description": "Extremely fast Python package installer and resolver, written in Rust",
      "install_id": "uv",
      "license": "[ Apache-2.0, MIT ]",
      "locked_url": "https://github.com/flox/nixpkgs?rev=18b9261cb3294b6d2a06d03f96872827b8fe2698",
      "name": "uv-0.11.26",
      "pname": "uv",
      "rev": "18b9261cb3294b6d2a06d03f96872827b8fe2698",
      "rev_count": 1034379,
      "rev_date": "2026-07-14T05:44:30Z",
      "scrape_date": "2026-07-15T16:56:32.647084Z",
      "stabilities": [
        "unstable"
      ],
      "unfree": false,
      "version": "0.11.26",
      "outputs_to_install": [
        "out"
      ],
      "outputs": {
        "out": "/nix/store/q9yngkdm5ysr51bgc36pyq14k5g3x42n-uv-0.11.26"
      },
      "system": "aarch64-darwin",
      "group": "toplevel",
      "priority": 5
    },
    {
      "attr_path": "uv",
      "broken": false,
      "derivation": "/nix/store/d7jkhswv1jymbs7w9ialyzv718gdridl-uv-0.11.26.drv",
      "description": "Extremely fast Python package installer and resolver, written in Rust",
      "install_id": "uv",
      "license": "[ Apache-2.0, MIT ]",
      "locked_url": "https://github.com/flox/nixpkgs?rev=18b9261cb3294b6d2a06d03f96872827b8fe2698",
      "name": "uv-0.11.26",
      "pname": "uv",
      "rev": "18b9261cb3294b6d2a06d03f96872827b8fe2698",
      "rev_count": 1034379,
      "rev_date": "2026-07-14T05:44:30Z",
      "scrape_date": "2026-07-15T17:56:13.295419Z",
      "stabilities": [
        "unstable"
      ],
      "unfree": false,
      "version": "0.11.26",
      "outputs_to_install": [
        "out"
      ],
      "outputs": {
        "out": "/nix/store/hv7n7hqzxmxkvw6s8vg1gngr44b50mlm-uv-0.11.26"
      },
      "system": "aarch64-linux",
      "group": "toplevel",
      "priority": 5
    },
    {
      "attr_path": "uv",
      "broken": false,
      "derivation": "/nix/store/c8y3hsmxd7zjs313bzk8hi0i7r37rpgz-uv-0.11.26.drv",
      "description": "Extremely fast Python package installer and resolver, written in Rust",
      "install_id": "uv",
      "license": "[ Apache-2.0, MIT ]",
      "locked_url": "https://github.com/flox/nixpkgs?rev=18b9261cb3294b6d2a06d03f96872827b8fe2698",
      "name": "uv-0.11.26",
      "pname": "uv",
      "rev": "18b9261cb3294b6d2a06d03f96872827b8fe2698",
      "rev_count": 1034379,
      "rev_date": "2026-07-14T05:44:30Z",
      "scrape_date": "2026-07-15T19:00:18.532070Z",
      "stabilities": [
        "unstable"
      ],
      "unfree": false,
      "version": "0.11.26",
      "outputs_to_install": [
        "out"
      ],
      "outputs": {
        "out": "/nix/store/rnw9az7lsij3f8wgmikxjcs0w3ccqxq0-uv-0.11.26"
      },
      "system": "x86_64-linux",
      "group": "toplevel",
      "priority": 5
    },
    {
      "install_id": "bd",
      "locked-url": "github:gastownhall/beads/8e4e59d39f3459a43cf21a3236a13eca4dd874f7?narHash=sha256-%2BdFV//0N8ZDw9BHOJOoWZ%2BBvLmJKlnGtONHIYPRhfBE%3D",
      "flake-description": "beads (bd) - An issue tracker designed for AI-supervised coding workflows",
      "locked-flake-attr-path": "packages.aarch64-darwin.default",
      "derivation": "/nix/store/y9swlgkhi5yqmycr234nyhlngph4a02j-beads-1.1.0.drv",
      "outputs": {
        "out": "/nix/store/jklsqn4ph5c0h2b9n009m2yjnajjbz8a-beads-1.1.0"
      },
      "output-names": [
        "out"
      ],
      "outputs-to-install": [
        "out"
      ],
      "requested-outputs-to-install": [],
      "package-system": "aarch64-darwin",
      "system": "aarch64-darwin",
      "name": "beads-1.1.0",
      "pname": "beads",
      "version": "1.1.0",
      "description": "beads (bd) - An issue tracker designed for AI-supervised coding workflows",
      "licenses": [
        "MIT"
      ],
      "broken": false,
      "unfree": false,
      "priority": 5
    },
    {
      "install_id": "bd",
      "locked-url": "github:gastownhall/beads/8e4e59d39f3459a43cf21a3236a13eca4dd874f7?narHash=sha256-%2BdFV//0N8ZDw9BHOJOoWZ%2BBvLmJKlnGtONHIYPRhfBE%3D",
      "flake-description": "beads (bd) - An issue tracker designed for AI-supervised coding workflows",
      "locked-flake-attr-path": "packages.aarch64-linux.default",
      "derivation": "/nix/store/xz5gn41ypk4v0driyfbc480ijy4i70v5-beads-1.1.0.drv",
      "outputs": {
        "out": "/nix/store/6vgpavaqyjscvd36dfs97fsskn655bys-beads-1.1.0"
      },
      "output-names": [
        "out"
      ],
      "outputs-to-install": [
        "out"
      ],
      "requested-outputs-to-install": [],
      "package-system": "aarch64-linux",
      "system": "aarch64-linux",
      "name": "beads-1.1.0",
      "pname": "beads",
      "version": "1.1.0",
      "description": "beads (bd) - An issue tracker designed for AI-supervised coding workflows",
      "licenses": [
        "MIT"
      ],
      "broken": false,
      "unfree": false,
      "priority": 5
    },
    {
      "install_id": "bd",
      "locked-url": "github:gastownhall/beads/8e4e59d39f3459a43cf21a3236a13eca4dd874f7?narHash=sha256-%2BdFV//0N8ZDw9BHOJOoWZ%2BBvLmJKlnGtONHIYPRhfBE%3D",
      "flake-description": "beads (bd) - An issue tracker designed for AI-supervised coding workflows",
      "locked-flake-attr-path": "packages.x86_64-linux.default",
      "derivation": "/nix/store/akwk20if4js9fn8gmiw9jq72k4ljzavb-beads-1.1.0.drv",
      "outputs": {
        "out": "/nix/store/32ddzwvclnvwlhk6szsma7mna7z44sal-beads-1.1.0"
      },
      "output-names": [
        "out"
      ],
      "outputs-to-install": [
        "out"
      ],
      "requested-outputs-to-install": [],
      "package-system": "x86_64-linux",
      "system": "x86_64-linux",
      "name": "beads-1.1.0",
      "pname": "beads",
      "version": "1.1.0",
      "description": "beads (bd) - An issue tracker designed for AI-supervised coding workflows",
      "licenses": [
        "MIT"
      ],
      "broken": false,
      "unfree": false,
      "priority": 5
    },
    {
      "install_id": "roborev",
      "locked-url": "github:kenn-io/roborev/addd7f2f56a85b0b3a5f3f322057083cf0347709?narHash=sha256-myLItITvQdGHSj6f8X4A65wjpbl01UPDkF6ReU8az08%3D",
      "flake-description": "roborev - automatic code review daemon for git commits",
      "locked-flake-attr-path": "packages.aarch64-darwin.default",
      "derivation": "/nix/store/gmrnfikxw5fcvxz03lwc5nhvp42h3gwl-roborev-0.62.0.drv",
      "outputs": {
        "out": "/nix/store/fflycx46gzsf216mlrnjiaclpz0dhg2i-roborev-0.62.0"
      },
      "output-names": [
        "out"
      ],
      "outputs-to-install": [
        "out"
      ],
      "requested-outputs-to-install": [],
      "package-system": "aarch64-darwin",
      "system": "aarch64-darwin",
      "name": "roborev-0.62.0",
      "pname": "roborev",
      "version": "0.62.0",
      "description": "Automatic code review daemon for git commits",
      "licenses": [
        "MIT"
      ],
      "broken": false,
      "unfree": false,
      "priority": 5
    },
    {
      "install_id": "roborev",
      "locked-url": "github:kenn-io/roborev/addd7f2f56a85b0b3a5f3f322057083cf0347709?narHash=sha256-myLItITvQdGHSj6f8X4A65wjpbl01UPDkF6ReU8az08%3D",
      "flake-description": "roborev - automatic code review daemon for git commits",
      "locked-flake-attr-path": "packages.aarch64-linux.default",
      "derivation": "/nix/store/q89qinr7xcg2wpgsgxsk3r7yzvvslqmq-roborev-0.62.0.drv",
      "outputs": {
        "out": "/nix/store/3mzxy5nmvwgma1dfl93h286rkfzzrzq1-roborev-0.62.0"
      },
      "output-names": [
        "out"
      ],
      "outputs-to-install": [
        "out"
      ],
      "requested-outputs-to-install": [],
      "package-system": "aarch64-linux",
      "system": "aarch64-linux",
      "name": "roborev-0.62.0",
      "pname": "roborev",
      "version": "0.62.0",
      "description": "Automatic code review daemon for git commits",
      "licenses": [
        "MIT"
      ],
      "broken": false,
      "unfree": false,
      "priority": 5
    },
    {
      "install_id": "roborev",
      "locked-url": "github:kenn-io/roborev/addd7f2f56a85b0b3a5f3f322057083cf0347709?narHash=sha256-myLItITvQdGHSj6f8X4A65wjpbl01UPDkF6ReU8az08%3D",
      "flake-description": "roborev - automatic code review daemon for git commits",
      "locked-flake-attr-path": "packages.x86_64-linux.default",
      "derivation": "/nix/store/wsxrjsxj89c3lav2xfn75f7h0xfigxf0-roborev-0.62.0.drv",
      "outputs": {
        "out": "/nix/store/d7ay5vjan23livsc961rar979pcrqzsy-roborev-0.62.0"
      },
      "output-names": [
        "out"
      ],
      "outputs-to-install": [
        "out"
      ],
      "requested-outputs-to-install": [],
      "package-system": "x86_64-linux",
      "system": "x86_64-linux",
      "name": "roborev-0.62.0",
      "pname": "roborev",
      "version": "0.62.0",
      "description": "Automatic code review daemon for git commits",
      "licenses": [
        "MIT"
      ],
      "broken": false,
      "unfree": false,
      "priority": 5
    }
  ]
}
