{
  "lockfile-version": 1,
  "manifest": {
    "schema-version": "1.13.0",
    "install": {
      "dolt": {
        "pkg-path": "dolt"
      },
      "gh": {
        "pkg-path": "gh"
      },
      "infisical": {
        "pkg-path": "infisical"
      },
      "uv": {
        "pkg-path": "uv"
      }
    },
    "hook": {},
    "profile": {},
    "options": {}
  },
  "packages": [
    {
      "attr_path": "dolt",
      "broken": false,
      "derivation": "/nix/store/jh8qj40w584d7pdfxsqr9n1m5np1rdlk-dolt-2.1.7.drv",
      "description": "Relational database with version control and CLI a-la Git",
      "install_id": "dolt",
      "license": "Apache-2.0",
      "locked_url": "https://github.com/flox/nixpkgs?rev=e73de5be04e0eff4190a1432b946d469c794e7b4",
      "name": "dolt-2.1.7",
      "pname": "dolt",
      "rev": "e73de5be04e0eff4190a1432b946d469c794e7b4",
      "rev_count": 1022855,
      "rev_date": "2026-06-26T09:58:34Z",
      "scrape_date": "2026-06-27T03:16:43.654083Z",
      "stabilities": [
        "unstable"
      ],
      "unfree": false,
      "version": "2.1.7",
      "outputs_to_install": [
        "out"
      ],
      "outputs": {
        "out": "/nix/store/9m11qyzb35b4khfxq9m691x5lgjzhmmr-dolt-2.1.7"
      },
      "system": "aarch64-darwin",
      "group": "toplevel",
      "priority": 5
    },
    {
      "attr_path": "dolt",
      "broken": false,
      "derivation": "/nix/store/2cylzc0d1kx8mds54wi22h1bwinalak6-dolt-2.1.7.drv",
      "description": "Relational database with version control and CLI a-la Git",
      "install_id": "dolt",
      "license": "Apache-2.0",
      "locked_url": "https://github.com/flox/nixpkgs?rev=e73de5be04e0eff4190a1432b946d469c794e7b4",
      "name": "dolt-2.1.7",
      "pname": "dolt",
      "rev": "e73de5be04e0eff4190a1432b946d469c794e7b4",
      "rev_count": 1022855,
      "rev_date": "2026-06-26T09:58:34Z",
      "scrape_date": "2026-06-27T03:49:23.381709Z",
      "stabilities": [
        "unstable"
      ],
      "unfree": false,
      "version": "2.1.7",
      "outputs_to_install": [
        "out"
      ],
      "outputs": {
        "out": "/nix/store/8rpcj7bj011bkaxr9v4hp7gqzcxrkw5r-dolt-2.1.7"
      },
      "system": "aarch64-linux",
      "group": "toplevel",
      "priority": 5
    },
    {
      "attr_path": "dolt",
      "broken": false,
      "derivation": "/nix/store/pkjk4xrshifclyd9c1rhv4kpfnrbgczk-dolt-2.1.7.drv",
      "description": "Relational database with version control and CLI a-la Git",
      "install_id": "dolt",
      "license": "Apache-2.0",
      "locked_url": "https://github.com/flox/nixpkgs?rev=e73de5be04e0eff4190a1432b946d469c794e7b4",
      "name": "dolt-2.1.7",
      "pname": "dolt",
      "rev": "e73de5be04e0eff4190a1432b946d469c794e7b4",
      "rev_count": 1022855,
      "rev_date": "2026-06-26T09:58:34Z",
      "scrape_date": "2026-06-27T04:21:04.878626Z",
      "stabilities": [
        "unstable"
      ],
      "unfree": false,
      "version": "2.1.7",
      "outputs_to_install": [
        "out"
      ],
      "outputs": {
        "out": "/nix/store/561jjazzq5f4a49qq4x0h15njq0i027s-dolt-2.1.7"
      },
      "system": "x86_64-darwin",
      "group": "toplevel",
      "priority": 5
    },
    {
      "attr_path": "dolt",
      "broken": false,
      "derivation": "/nix/store/6sf1013fhqg74cmj6rjcjrbwnp94hc99-dolt-2.1.7.drv",
      "description": "Relational database with version control and CLI a-la Git",
      "install_id": "dolt",
      "license": "Apache-2.0",
      "locked_url": "https://github.com/flox/nixpkgs?rev=e73de5be04e0eff4190a1432b946d469c794e7b4",
      "name": "dolt-2.1.7",
      "pname": "dolt",
      "rev": "e73de5be04e0eff4190a1432b946d469c794e7b4",
      "rev_count": 1022855,
      "rev_date": "2026-06-26T09:58:34Z",
      "scrape_date": "2026-06-27T04:55:45.037887Z",
      "stabilities": [
        "unstable"
      ],
      "unfree": false,
      "version": "2.1.7",
      "outputs_to_install": [
        "out"
      ],
      "outputs": {
        "out": "/nix/store/wygp8jimfz776l5s2q2whnbfj1rz8fn7-dolt-2.1.7"
      },
      "system": "x86_64-linux",
      "group": "toplevel",
      "priority": 5
    },
    {
      "attr_path": "gh",
      "broken": false,
      "derivation": "/nix/store/1b7qdz5ml2ahb6ar6bdgrd9rbbv02jpy-gh-2.95.0.drv",
      "description": "GitHub CLI tool",
      "install_id": "gh",
      "license": "MIT",
      "locked_url": "https://github.com/flox/nixpkgs?rev=e73de5be04e0eff4190a1432b946d469c794e7b4",
      "name": "gh-2.95.0",
      "pname": "gh",
      "rev": "e73de5be04e0eff4190a1432b946d469c794e7b4",
      "rev_count": 1022855,
      "rev_date": "2026-06-26T09:58:34Z",
      "scrape_date": "2026-06-27T03:16:44.220244Z",
      "stabilities": [
        "unstable"
      ],
      "unfree": false,
      "version": "2.95.0",
      "outputs_to_install": [
        "out"
      ],
      "outputs": {
        "out": "/nix/store/bm42hwfaaxl52ggr5ykj51hbrinmg4ic-gh-2.95.0"
      },
      "system": "aarch64-darwin",
      "group": "toplevel",
      "priority": 5
    },
    {
      "attr_path": "gh",
      "broken": false,
      "derivation": "/nix/store/w20kbwjd6g159z735daj14q30j0zdwqi-gh-2.95.0.drv",
      "description": "GitHub CLI tool",
      "install_id": "gh",
      "license": "MIT",
      "locked_url": "https://github.com/flox/nixpkgs?rev=e73de5be04e0eff4190a1432b946d469c794e7b4",
      "name": "gh-2.95.0",
      "pname": "gh",
      "rev": "e73de5be04e0eff4190a1432b946d469c794e7b4",
      "rev_count": 1022855,
      "rev_date": "2026-06-26T09:58:34Z",
      "scrape_date": "2026-06-27T03:49:24.235496Z",
      "stabilities": [
        "unstable"
      ],
      "unfree": false,
      "version": "2.95.0",
      "outputs_to_install": [
        "out"
      ],
      "outputs": {
        "out": "/nix/store/n7kbzdvnj09rbcvpxcb2ajzyglwn51wa-gh-2.95.0"
      },
      "system": "aarch64-linux",
      "group": "toplevel",
      "priority": 5
    },
    {
      "attr_path": "gh",
      "broken": false,
      "derivation": "/nix/store/hj68nnxjgafml6dqfdq3gsxgk913pdiw-gh-2.95.0.drv",
      "description": "GitHub CLI tool",
      "install_id": "gh",
      "license": "MIT",
      "locked_url": "https://github.com/flox/nixpkgs?rev=e73de5be04e0eff4190a1432b946d469c794e7b4",
      "name": "gh-2.95.0",
      "pname": "gh",
      "rev": "e73de5be04e0eff4190a1432b946d469c794e7b4",
      "rev_count": 1022855,
      "rev_date": "2026-06-26T09:58:34Z",
      "scrape_date": "2026-06-27T04:21:05.428727Z",
      "stabilities": [
        "unstable"
      ],
      "unfree": false,
      "version": "2.95.0",
      "outputs_to_install": [
        "out"
      ],
      "outputs": {
        "out": "/nix/store/mf9vjs2xy59kg87iyywkzszy00cz6a4n-gh-2.95.0"
      },
      "system": "x86_64-darwin",
      "group": "toplevel",
      "priority": 5
    },
    {
      "attr_path": "gh",
      "broken": false,
      "derivation": "/nix/store/hvhx1k7migd8rsw67azikbw3907hj2c3-gh-2.95.0.drv",
      "description": "GitHub CLI tool",
      "install_id": "gh",
      "license": "MIT",
      "locked_url": "https://github.com/flox/nixpkgs?rev=e73de5be04e0eff4190a1432b946d469c794e7b4",
      "name": "gh-2.95.0",
      "pname": "gh",
      "rev": "e73de5be04e0eff4190a1432b946d469c794e7b4",
      "rev_count": 1022855,
      "rev_date": "2026-06-26T09:58:34Z",
      "scrape_date": "2026-06-27T04:55:45.999983Z",
      "stabilities": [
        "unstable"
      ],
      "unfree": false,
      "version": "2.95.0",
      "outputs_to_install": [
        "out"
      ],
      "outputs": {
        "out": "/nix/store/k8213mqprqmxbcd4mdmvbnqzlir1hb21-gh-2.95.0"
      },
      "system": "x86_64-linux",
      "group": "toplevel",
      "priority": 5
    },
    {
      "attr_path": "infisical",
      "broken": false,
      "derivation": "/nix/store/s97m5vkb76qib34h5zsp2qihlqphwg7m-infisical-0.41.90.drv",
      "description": "Official Infisical CLI",
      "install_id": "infisical",
      "license": "MIT",
      "locked_url": "https://github.com/flox/nixpkgs?rev=e73de5be04e0eff4190a1432b946d469c794e7b4",
      "name": "infisical-0.41.90",
      "pname": "infisical",
      "rev": "e73de5be04e0eff4190a1432b946d469c794e7b4",
      "rev_count": 1022855,
      "rev_date": "2026-06-26T09:58:34Z",
      "scrape_date": "2026-06-27T03:16:59.830776Z",
      "stabilities": [
        "unstable"
      ],
      "unfree": false,
      "version": "0.41.90",
      "outputs_to_install": [
        "out"
      ],
      "outputs": {
        "out": "/nix/store/ipijn3jjrqi7sq79bdssqxqlqz2rcrj6-infisical-0.41.90"
      },
      "system": "aarch64-darwin",
      "group": "toplevel",
      "priority": 5
    },
    {
      "attr_path": "infisical",
      "broken": false,
      "derivation": "/nix/store/li2q8cxcym7q904bzscig8hy5kd04cnm-infisical-0.41.90.drv",
      "description": "Official Infisical CLI",
      "install_id": "infisical",
      "license": "MIT",
      "locked_url": "https://github.com/flox/nixpkgs?rev=e73de5be04e0eff4190a1432b946d469c794e7b4",
      "name": "infisical-0.41.90",
      "pname": "infisical",
      "rev": "e73de5be04e0eff4190a1432b946d469c794e7b4",
      "rev_count": 1022855,
      "rev_date": "2026-06-26T09:58:34Z",
      "scrape_date": "2026-06-27T03:49:44.109065Z",
      "stabilities": [
        "unstable"
      ],
      "unfree": false,
      "version": "0.41.90",
      "outputs_to_install": [
        "out"
      ],
      "outputs": {
        "out": "/nix/store/aq17q8dgjx4ama4kkmw78mjkawjxndwq-infisical-0.41.90"
      },
      "system": "aarch64-linux",
      "group": "toplevel",
      "priority": 5
    },
    {
      "attr_path": "infisical",
      "broken": false,
      "derivation": "/nix/store/v522fkz6wm2qhqpz28l880n9ydv9cilr-infisical-0.41.90.drv",
      "description": "Official Infisical CLI",
      "install_id": "infisical",
      "license": "MIT",
      "locked_url": "https://github.com/flox/nixpkgs?rev=e73de5be04e0eff4190a1432b946d469c794e7b4",
      "name": "infisical-0.41.90",
      "pname": "infisical",
      "rev": "e73de5be04e0eff4190a1432b946d469c794e7b4",
      "rev_count": 1022855,
      "rev_date": "2026-06-26T09:58:34Z",
      "scrape_date": "2026-06-27T04:21:21.480007Z",
      "stabilities": [
        "unstable"
      ],
      "unfree": false,
      "version": "0.41.90",
      "outputs_to_install": [
        "out"
      ],
      "outputs": {
        "out": "/nix/store/lww1437f9hjv65jhms6qicj1qnwjsvr7-infisical-0.41.90"
      },
      "system": "x86_64-darwin",
      "group": "toplevel",
      "priority": 5
    },
    {
      "attr_path": "infisical",
      "broken": false,
      "derivation": "/nix/store/azwqaj0lkf03vnlw7d8yas7ykqg85yqw-infisical-0.41.90.drv",
      "description": "Official Infisical CLI",
      "install_id": "infisical",
      "license": "MIT",
      "locked_url": "https://github.com/flox/nixpkgs?rev=e73de5be04e0eff4190a1432b946d469c794e7b4",
      "name": "infisical-0.41.90",
      "pname": "infisical",
      "rev": "e73de5be04e0eff4190a1432b946d469c794e7b4",
      "rev_count": 1022855,
      "rev_date": "2026-06-26T09:58:34Z",
      "scrape_date": "2026-06-27T04:56:07.288712Z",
      "stabilities": [
        "unstable"
      ],
      "unfree": false,
      "version": "0.41.90",
      "outputs_to_install": [
        "out"
      ],
      "outputs": {
        "out": "/nix/store/74isfv5i2qvnkwinnh62l0px1ziwcyqd-infisical-0.41.90"
      },
      "system": "x86_64-linux",
      "group": "toplevel",
      "priority": 5
    },
    {
      "attr_path": "uv",
      "broken": false,
      "derivation": "/nix/store/v5ah96yiq4jkgvzy3zf3il3v5adhdb8n-uv-0.11.22.drv",
      "description": "Extremely fast Python package installer and resolver, written in Rust",
      "install_id": "uv",
      "license": "[ Apache-2.0, MIT ]",
      "locked_url": "https://github.com/flox/nixpkgs?rev=e73de5be04e0eff4190a1432b946d469c794e7b4",
      "name": "uv-0.11.22",
      "pname": "uv",
      "rev": "e73de5be04e0eff4190a1432b946d469c794e7b4",
      "rev_count": 1022855,
      "rev_date": "2026-06-26T09:58:34Z",
      "scrape_date": "2026-06-27T03:19:21.074501Z",
      "stabilities": [
        "unstable"
      ],
      "unfree": false,
      "version": "0.11.22",
      "outputs_to_install": [
        "out"
      ],
      "outputs": {
        "out": "/nix/store/fn1yzcbi40qnkkf0yi5fcmqgm87rpxai-uv-0.11.22"
      },
      "system": "aarch64-darwin",
      "group": "toplevel",
      "priority": 5
    },
    {
      "attr_path": "uv",
      "broken": false,
      "derivation": "/nix/store/xg4cnnd59dl36i4jfpmh1lgc1hlwqbzi-uv-0.11.22.drv",
      "description": "Extremely fast Python package installer and resolver, written in Rust",
      "install_id": "uv",
      "license": "[ Apache-2.0, MIT ]",
      "locked_url": "https://github.com/flox/nixpkgs?rev=e73de5be04e0eff4190a1432b946d469c794e7b4",
      "name": "uv-0.11.22",
      "pname": "uv",
      "rev": "e73de5be04e0eff4190a1432b946d469c794e7b4",
      "rev_count": 1022855,
      "rev_date": "2026-06-26T09:58:34Z",
      "scrape_date": "2026-06-27T03:52:46.169502Z",
      "stabilities": [
        "unstable"
      ],
      "unfree": false,
      "version": "0.11.22",
      "outputs_to_install": [
        "out"
      ],
      "outputs": {
        "out": "/nix/store/cd0vkwix6pbcf4a4r7hqnizwxwcgcwhq-uv-0.11.22"
      },
      "system": "aarch64-linux",
      "group": "toplevel",
      "priority": 5
    },
    {
      "attr_path": "uv",
      "broken": false,
      "derivation": "/nix/store/bj75k19vm8azik2iixk57i2k6gl9cx6l-uv-0.11.22.drv",
      "description": "Extremely fast Python package installer and resolver, written in Rust",
      "install_id": "uv",
      "license": "[ Apache-2.0, MIT ]",
      "locked_url": "https://github.com/flox/nixpkgs?rev=e73de5be04e0eff4190a1432b946d469c794e7b4",
      "name": "uv-0.11.22",
      "pname": "uv",
      "rev": "e73de5be04e0eff4190a1432b946d469c794e7b4",
      "rev_count": 1022855,
      "rev_date": "2026-06-26T09:58:34Z",
      "scrape_date": "2026-06-27T04:23:40.576718Z",
      "stabilities": [
        "unstable"
      ],
      "unfree": false,
      "version": "0.11.22",
      "outputs_to_install": [
        "out"
      ],
      "outputs": {
        "out": "/nix/store/kjj70slc4l7dy98zxby5r69375lnxl41-uv-0.11.22"
      },
      "system": "x86_64-darwin",
      "group": "toplevel",
      "priority": 5
    },
    {
      "attr_path": "uv",
      "broken": false,
      "derivation": "/nix/store/gpw9nl8wpan0h9h9h8r9g0mjgs8xvj0x-uv-0.11.22.drv",
      "description": "Extremely fast Python package installer and resolver, written in Rust",
      "install_id": "uv",
      "license": "[ Apache-2.0, MIT ]",
      "locked_url": "https://github.com/flox/nixpkgs?rev=e73de5be04e0eff4190a1432b946d469c794e7b4",
      "name": "uv-0.11.22",
      "pname": "uv",
      "rev": "e73de5be04e0eff4190a1432b946d469c794e7b4",
      "rev_count": 1022855,
      "rev_date": "2026-06-26T09:58:34Z",
      "scrape_date": "2026-06-27T04:59:17.645183Z",
      "stabilities": [
        "unstable"
      ],
      "unfree": false,
      "version": "0.11.22",
      "outputs_to_install": [
        "out"
      ],
      "outputs": {
        "out": "/nix/store/5x45h9xpizfv25k60k136v3pblks7hmr-uv-0.11.22"
      },
      "system": "x86_64-linux",
      "group": "toplevel",
      "priority": 5
    }
  ]
}
